
Microsoft Visual Studio Solution File, Format Version 12.00
# Visual Studio Version 17
VisualStudioVersion = 17.14.36804.6
MinimumVisualStudioVersion = 10.0.40219.1
Project("{FAE04EC0-301F-11D3-BF4B-00C04F79EFBC}") = "Echoes.API", "Echoes.API.csproj", "{AEF566C9-4C75-5D3D-6942-9F279A99C3BA}"
	ProjectSection(ProjectDependencies) = postProject
		{480781AD-765F-42AD-825D-44D6C249BCDB} = {480781AD-765F-42AD-825D-44D6C249BCDB}
	EndProjectSection
EndProject
Project("{FAE04EC0-301F-11D3-BF4B-00C04F79EFBC}") = "EchoesOfImperial.Shared", "EchoesOfImperial.Shared\EchoesOfImperial.Shared.csproj", "{69D0DF83-AAD5-4B84-907C-BCF495D16E5D}"
EndProject
Project("{FAE04EC0-301F-11D3-BF4B-00C04F79EFBC}") = "EchoesOfImperial.Client", "EchoesOfImperial.Client\EchoesOfImperial.Client.csproj", "{480781AD-765F-42AD-825D-44D6C249BCDB}"
EndProject
Global
	GlobalSection(SolutionConfigurationPlatforms) = preSolution
		Debug|Any CPU = Debug|Any CPU
		Debug|x64 = Debug|x64
		Debug|x86 = Debug|x86
		Release|Any CPU = Release|Any CPU
		Release|x64 = Release|x64
		Release|x86 = Release|x86
	EndGlobalSection
	GlobalSection(ProjectConfigurationPlatforms) = postSolution
		{AEF566C9-4C75-5D3D-6942-9F279A99C3BA}.Debug|Any CPU.ActiveCfg = Debug|Any CPU
		{AEF566C9-4C75-5D3D-6942-9F279A99C3BA}.Debug|Any CPU.Build.0 = Debug|Any CPU
		{AEF566C9-4C75-5D3D-6942-9F279A99C3BA}.Debug|x64.ActiveCfg = Debug|Any CPU
		{AEF566C9-4C75-5D3D-6942-9F279A99C3BA}.Debug|x64.Build.0 = Debug|Any CPU
		{AEF566C9-4C75-5D3D-6942-9F279A99C3BA}.Debug|x86.ActiveCfg = Debug|Any CPU
		{AEF566C9-4C75-5D3D-6942-9F279A99C3BA}.Debug|x86.Build.0 = Debug|Any CPU
		{AEF566C9-4C75-5D3D-6942-9F279A99C3BA}.Release|Any CPU.ActiveCfg = Release|Any CPU
		{AEF566C9-4C75-5D3D-6942-9F279A99C3BA}.Release|Any CPU.Build.0 = Release|Any CPU
		{AEF566C9-4C75-5D3D-6942-9F279A99C3BA}.Release|x64.ActiveCfg = Release|Any CPU
		{AEF566C9-4C75-5D3D-6942-9F279A99C3BA}.Release|x64.Build.0 = Release|Any CPU
		{AEF566C9-4C75-5D3D-6942-9F279A99C3BA}.Release|x86.ActiveCfg = Release|Any CPU
		{AEF566C9-4C75-5D3D-6942-9F279A99C3BA}.Release|x86.Build.0 = Release|Any CPU
		{69D0DF83-AAD5-4B84-907C-BCF495D16E5D}.Debug|Any CPU.ActiveCfg = Debug|Any CPU
		{69D0DF83-AAD5-4B84-907C-BCF495D16E5D}.Debug|Any CPU.Build.0 = Debug|Any CPU
		{69D0DF83-AAD5-4B84-907C-BCF495D16E5D}.Debug|x64.ActiveCfg = Debug|Any CPU
		{69D0DF83-AAD5-4B84-907C-BCF495D16E5D}.Debug|x64.Build.0 = Debug|Any CPU
		{69D0DF83-AAD5-4B84-907C-BCF495D16E5D}.Debug|x86.ActiveCfg = Debug|Any CPU
		{69D0DF83-AAD5-4B84-907C-BCF495D16E5D}.Debug|x86.Build.0 = Debug|Any CPU
		{69D0DF83-AAD5-4B84-907C-BCF495D16E5D}.Release|Any CPU.ActiveCfg = Release|Any CPU
		{69D0DF83-AAD5-4B84-907C-BCF495D16E5D}.Release|Any CPU.Build.0 = Release|Any CPU
		{69D0DF83-AAD5-4B84-907C-BCF495D16E5D}.Release|x64.ActiveCfg = Release|Any CPU
		{69D0DF83-AAD5-4B84-907C-BCF495D16E5D}.Release|x64.Build.0 = Release|Any CPU
		{69D0DF83-AAD5-4B84-907C-BCF495D16E5D}.Release|x86.ActiveCfg = Release|Any CPU
		{69D0DF83-AAD5-4B84-907C-BCF495D16E5D}.Release|x86.Build.0 = Release|Any CPU
		{480781AD-765F-42AD-825D-44D6C249BCDB}.Debug|Any CPU.ActiveCfg = Debug|Any CPU
		{480781AD-765F-42AD-825D-44D6C249BCDB}.Debug|Any CPU.Build.0 = Debug|Any CPU
		{480781AD-765F-42AD-825D-44D6C249BCDB}.Debug|x64.ActiveCfg = Debug|Any CPU
		{480781AD-765F-42AD-825D-44D6C249BCDB}.Debug|x64.Build.0 = Debug|Any CPU
		{480781AD-765F-42AD-825D-44D6C249BCDB}.Debug|x86.ActiveCfg = Debug|Any CPU
		{480781AD-765F-42AD-825D-44D6C249BCDB}.Debug|x86.Build.0 = Debug|Any CPU
		{480781AD-765F-42AD-825D-44D6C249BCDB}.Release|Any CPU.ActiveCfg = Release|Any CPU
		{480781AD-765F-42AD-825D-44D6C249BCDB}.Release|Any CPU.Build.0 = Release|Any CPU
		{480781AD-765F-42AD-825D-44D6C249BCDB}.Release|x64.ActiveCfg = Release|Any CPU
		{480781AD-765F-42AD-825D-44D6C249BCDB}.Release|x64.Build.0 = Release|Any CPU
		{480781AD-765F-42AD-825D-44D6C249BCDB}.Release|x86.ActiveCfg = Release|Any CPU
		{480781AD-765F-42AD-825D-44D6C249BCDB}.Release|x86.Build.0 = Release|Any CPU
	EndGlobalSection
	GlobalSection(SolutionProperties) = preSolution
		HideSolutionNode = FALSE
	EndGlobalSection
	GlobalSection(ExtensibilityGlobals) = postSolution
		SolutionGuid = {5A45A819-8E4B-48A3-BC92-55EF5F3F9407}
	EndGlobalSection
EndGlobal
